
Microsoft Visual Studio Solution File, Format Version 12.00
Project("{F184B08F-C81C-45F6-A57F-5ABD9991F28F}") = "sub quiz", "sub quiz\sub quiz.vbproj", "{9CFC1027-6088-4FB3-BBD1-A563101ACD08}"
EndProject
Global
	GlobalSection(SolutionConfigurationPlatforms) = preSolution
		Debug|Any CPU = Debug|Any CPU
		Release|Any CPU = Release|Any CPU
	EndGlobalSection
	GlobalSection(ProjectConfigurationPlatforms) = postSolution
		{9CFC1027-6088-4FB3-BBD1-A563101ACD08}.Debug|Any CPU.ActiveCfg = Debug|Any CPU
		{9CFC1027-6088-4FB3-BBD1-A563101ACD08}.Debug|Any CPU.Build.0 = Debug|Any CPU
		{9CFC1027-6088-4FB3-BBD1-A563101ACD08}.Release|Any CPU.ActiveCfg = Release|Any CPU
		{9CFC1027-6088-4FB3-BBD1-A563101ACD08}.Release|Any CPU.Build.0 = Release|Any CPU
	EndGlobalSection
EndGlobal
